
Microsoft Visual Studio Solution File, Format Version 12.00
# Visual Studio Version 17
VisualStudioVersion = 17.9.34714.143
MinimumVisualStudioVersion = 10.0.40219.1
Project("{FAE04EC0-301F-11D3-BF4B-00C04F79EFBC}") = "UserIdentity.API", "UserIdentity.API\UserIdentity.API.csproj", "{17768214-9B19-42EF-8F71-A04CBC603D2D}"
EndProject
Global
	GlobalSection(SolutionConfigurationPlatforms) = preSolution
		Debug|Any CPU = Debug|Any CPU
		Release|Any CPU = Release|Any CPU
	EndGlobalSection
	GlobalSection(ProjectConfigurationPlatforms) = postSolution
		{17768214-9B19-42EF-8F71-A04CBC603D2D}.Debug|Any CPU.ActiveCfg = Debug|Any CPU
		{17768214-9B19-42EF-8F71-A04CBC603D2D}.Debug|Any CPU.Build.0 = Debug|Any CPU
		{17768214-9B19-42EF-8F71-A04CBC603D2D}.Release|Any CPU.ActiveCfg = Release|Any CPU
		{17768214-9B19-42EF-8F71-A04CBC603D2D}.Release|Any CPU.Build.0 = Release|Any CPU
	EndGlobalSection
	GlobalSection(SolutionProperties) = preSolution
		HideSolutionNode = FALSE
	EndGlobalSection
	GlobalSection(ExtensibilityGlobals) = postSolution
		SolutionGuid = {9AE6EA96-A0CB-45A6-8611-827F7EF530CD}
	EndGlobalSection
EndGlobal
